# THIS IS AN AUTOGENERATED FILE. DO NOT EDIT THIS FILE DIRECTLY.
# yarn lockfile v1
accepts@~1.3.3:
  version "1.3.3"
  resolved "http://npm.intranet.1stdibs.com:4783/accepts/-/accepts-1.3.3.tgz#c3ca7434938648c3e0d9c1e328dd68b622c284ca"
  dependencies:
    mime-types "~2.1.11"
    negotiator "0.6.1"

array-flatten@1.1.1:
  version "1.1.1"
  resolved "http://npm.intranet.1stdibs.com:4783/array-flatten/-/array-flatten-1.1.1.tgz#9a5f699051b1e7073328f2a008968b64ea2955d2"

async@~0.9.0:
  version "0.9.2"
  resolved "http://npm.intranet.1stdibs.com:4783/async/-/async-0.9.2.tgz#aea74d5e61c1f899613bf64bda66d4c78f2fd17d"

combined-stream@~0.0.4:
  version "0.0.7"
  resolved "http://npm.intranet.1stdibs.com:4783/combined-stream/-/combined-stream-0.0.7.tgz#0137e657baa5a7541c57ac37ac5fc07d73b4dc1f"
  dependencies:
    delayed-stream "0.0.5"

commander@0.6.1:
  version "0.6.1"
  resolved "http://npm.intranet.1stdibs.com:4783/commander/-/commander-0.6.1.tgz#fa68a14f6a945d54dbbe50d8cdb3320e9e3b1a06"

commander@2.3.0:
  version "2.3.0"
  resolved "http://npm.intranet.1stdibs.com:4783/commander/-/commander-2.3.0.tgz#fd430e889832ec353b9acd1de217c11cb3eef873"

component-emitter@1.1.2:
  version "1.1.2"
  resolved "http://npm.intranet.1stdibs.com:4783/component-emitter/-/component-emitter-1.1.2.tgz#296594f2753daa63996d2af08d15a95116c9aec3"

content-disposition@0.5.1:
  version "0.5.1"
  resolved "http://npm.intranet.1stdibs.com:4783/content-disposition/-/content-disposition-0.5.1.tgz#87476c6a67c8daa87e32e87616df883ba7fb071b"

content-type@~1.0.2:
  version "1.0.2"
  resolved "http://npm.intranet.1stdibs.com:4783/content-type/-/content-type-1.0.2.tgz#b7d113aee7a8dd27bd21133c4dc2529df1721eed"

cookie-signature@1.0.6:
  version "1.0.6"
  resolved "http://npm.intranet.1stdibs.com:4783/cookie-signature/-/cookie-signature-1.0.6.tgz#e303a882b342cc3ee8ca513a79999734dab3ae2c"

cookie@0.3.1:
  version "0.3.1"
  resolved "http://npm.intranet.1stdibs.com:4783/cookie/-/cookie-0.3.1.tgz#e7e0a1f9ef43b4c8ba925c5c5a96e806d16873bb"

cookiejar@2.0.1:
  version "2.0.1"
  resolved "http://npm.intranet.1stdibs.com:4783/cookiejar/-/cookiejar-2.0.1.tgz#3d12752f6adf68a892f332433492bd5812bb668f"

core-util-is@~1.0.0:
  version "1.0.2"
  resolved "http://npm.intranet.1stdibs.com:4783/core-util-is/-/core-util-is-1.0.2.tgz#b5fd54220aa2bc5ab57aab7140c940754503c1a7"

debug@~2.2.0, debug@2.2.0:
  version "2.2.0"
  resolved "http://npm.intranet.1stdibs.com:4783/debug/-/debug-2.2.0.tgz#f87057e995b1a1f6ae6a4960664137bc56f039da"
  dependencies:
    ms "0.7.1"

debug@2:
  version "2.3.2"
  resolved "http://npm.intranet.1stdibs.com:4783/debug/-/debug-2.3.2.tgz#94cb466ef7d6d2c7e5245cdd6e4104f2d0d70d30"
  dependencies:
    ms "0.7.2"

delayed-stream@0.0.5:
  version "0.0.5"
  resolved "http://npm.intranet.1stdibs.com:4783/delayed-stream/-/delayed-stream-0.0.5.tgz#d4b1f43a93e8296dfe02694f4680bc37a313c73f"

depd@~1.1.0:
  version "1.1.0"
  resolved "http://npm.intranet.1stdibs.com:4783/depd/-/depd-1.1.0.tgz#e1bd82c6aab6ced965b97b88b17ed3e528ca18c3"

destroy@~1.0.4:
  version "1.0.4"
  resolved "http://npm.intranet.1stdibs.com:4783/destroy/-/destroy-1.0.4.tgz#978857442c44749e4206613e37946205826abd80"

diff@1.4.0:
  version "1.4.0"
  resolved "http://npm.intranet.1stdibs.com:4783/diff/-/diff-1.4.0.tgz#7f28d2eb9ee7b15a97efd89ce63dcfdaa3ccbabf"

ee-first@1.1.1:
  version "1.1.1"
  resolved "http://npm.intranet.1stdibs.com:4783/ee-first/-/ee-first-1.1.1.tgz#590c61156b0ae2f4f0255732a158b266bc56b21d"

encodeurl@~1.0.1:
  version "1.0.1"
  resolved "http://npm.intranet.1stdibs.com:4783/encodeurl/-/encodeurl-1.0.1.tgz#79e3d58655346909fe6f0f45a5de68103b294d20"

escape-html@~1.0.3:
  version "1.0.3"
  resolved "http://npm.intranet.1stdibs.com:4783/escape-html/-/escape-html-1.0.3.tgz#0258eae4d3d0c0974de1c169188ef0051d1d1988"

escape-string-regexp@1.0.2:
  version "1.0.2"
  resolved "http://npm.intranet.1stdibs.com:4783/escape-string-regexp/-/escape-string-regexp-1.0.2.tgz#4dbc2fe674e71949caf3fb2695ce7f2dc1d9a8d1"

etag@~1.7.0:
  version "1.7.0"
  resolved "http://npm.intranet.1stdibs.com:4783/etag/-/etag-1.7.0.tgz#03d30b5f67dd6e632d2945d30d6652731a34d5d8"

express@^4.12.3:
  version "4.14.0"
  resolved "http://npm.intranet.1stdibs.com:4783/express/-/express-4.14.0.tgz#c1ee3f42cdc891fb3dc650a8922d51ec847d0d66"
  dependencies:
    accepts "~1.3.3"
    array-flatten "1.1.1"
    content-disposition "0.5.1"
    content-type "~1.0.2"
    cookie "0.3.1"
    cookie-signature "1.0.6"
    debug "~2.2.0"
    depd "~1.1.0"
    encodeurl "~1.0.1"
    escape-html "~1.0.3"
    etag "~1.7.0"
    finalhandler "0.5.0"
    fresh "0.3.0"
    merge-descriptors "1.0.1"
    methods "~1.1.2"
    on-finished "~2.3.0"
    parseurl "~1.3.1"
    path-to-regexp "0.1.7"
    proxy-addr "~1.1.2"
    qs "6.2.0"
    range-parser "~1.2.0"
    send "0.14.1"
    serve-static "~1.11.1"
    type-is "~1.6.13"
    utils-merge "1.0.0"
    vary "~1.1.0"

extend@~1.2.1:
  version "1.2.1"
  resolved "http://npm.intranet.1stdibs.com:4783/extend/-/extend-1.2.1.tgz#a0f5fd6cfc83a5fe49ef698d60ec8a624dd4576c"

finalhandler@0.5.0:
  version "0.5.0"
  resolved "http://npm.intranet.1stdibs.com:4783/finalhandler/-/finalhandler-0.5.0.tgz#e9508abece9b6dba871a6942a1d7911b91911ac7"
  dependencies:
    debug "~2.2.0"
    escape-html "~1.0.3"
    on-finished "~2.3.0"
    statuses "~1.3.0"
    unpipe "~1.0.0"

find-namespace-value@~1.0.1:
  version "1.0.4"
  resolved "http://npm.intranet.1stdibs.com:4783/find-namespace-value/-/find-namespace-value-1.0.4.tgz#a8ea77612526f11cbcb8eca1d526bf76af1f48fc"

form-data@0.1.3:
  version "0.1.3"
  resolved "http://npm.intranet.1stdibs.com:4783/form-data/-/form-data-0.1.3.tgz#4ee4346e6eb5362e8344a02075bd8dbd8c7373ea"
  dependencies:
    async "~0.9.0"
    combined-stream "~0.0.4"
    mime "~1.2.11"

formidable@1.0.14:
  version "1.0.14"
  resolved "http://npm.intranet.1stdibs.com:4783/formidable/-/formidable-1.0.14.tgz#2b3f4c411cbb5fdd695c44843e2a23514a43231a"

forwarded@~0.1.0:
  version "0.1.0"
  resolved "http://npm.intranet.1stdibs.com:4783/forwarded/-/forwarded-0.1.0.tgz#19ef9874c4ae1c297bcf078fde63a09b66a84363"

fresh@0.3.0:
  version "0.3.0"
  resolved "http://npm.intranet.1stdibs.com:4783/fresh/-/fresh-0.3.0.tgz#651f838e22424e7566de161d8358caa199f83d4f"

glob@3.2.11:
  version "3.2.11"
  resolved "http://npm.intranet.1stdibs.com:4783/glob/-/glob-3.2.11.tgz#4a973f635b9190f715d10987d5c00fd2815ebe3d"
  dependencies:
    inherits "2"
    minimatch "0.3"

growl@1.9.2:
  version "1.9.2"
  resolved "http://npm.intranet.1stdibs.com:4783/growl/-/growl-1.9.2.tgz#0ea7743715db8d8de2c5ede1775e1b45ac85c02f"

http-errors@~1.5.0:
  version "1.5.0"
  resolved "http://npm.intranet.1stdibs.com:4783/http-errors/-/http-errors-1.5.0.tgz#b1cb3d8260fd8e2386cad3189045943372d48211"
  dependencies:
    inherits "2.0.1"
    setprototypeof "1.0.1"
    statuses ">= 1.3.0 < 2"

inherits@~2.0.1, inherits@2:
  version "2.0.3"
  resolved "http://npm.intranet.1stdibs.com:4783/inherits/-/inherits-2.0.3.tgz#633c2c83e3da42a502f52466022480f4208261de"

inherits@2.0.1:
  version "2.0.1"
  resolved "http://npm.intranet.1stdibs.com:4783/inherits/-/inherits-2.0.1.tgz#b17d08d326b4423e568eff719f91b0b1cbdf69f1"

ipaddr.js@1.1.1:
  version "1.1.1"
  resolved "http://npm.intranet.1stdibs.com:4783/ipaddr.js/-/ipaddr.js-1.1.1.tgz#c791d95f52b29c1247d5df80ada39b8a73647230"

isarray@0.0.1:
  version "0.0.1"
  resolved "http://npm.intranet.1stdibs.com:4783/isarray/-/isarray-0.0.1.tgz#8a18acfca9a8f4177e09abfc6038939b05d1eedf"

jade@0.26.3:
  version "0.26.3"
  resolved "http://npm.intranet.1stdibs.com:4783/jade/-/jade-0.26.3.tgz#8f10d7977d8d79f2f6ff862a81b0513ccb25686c"
  dependencies:
    commander "0.6.1"
    mkdirp "0.3.0"

lru-cache@2:
  version "2.7.3"
  resolved "http://npm.intranet.1stdibs.com:4783/lru-cache/-/lru-cache-2.7.3.tgz#6d4524e8b955f95d4f5b58851ce21dd72fb4e952"

media-typer@0.3.0:
  version "0.3.0"
  resolved "http://npm.intranet.1stdibs.com:4783/media-typer/-/media-typer-0.3.0.tgz#8710d7af0aa626f8fffa1ce00168545263255748"

merge-descriptors@1.0.1:
  version "1.0.1"
  resolved "http://npm.intranet.1stdibs.com:4783/merge-descriptors/-/merge-descriptors-1.0.1.tgz#b00aaa556dd8b44568150ec9d1b953f3f90cbb61"

methods@~1.1.2, methods@1.x:
  version "1.1.2"
  resolved "http://npm.intranet.1stdibs.com:4783/methods/-/methods-1.1.2.tgz#5529a4d67654134edcc5266656835b0f851afcee"

methods@1.0.1:
  version "1.0.1"
  resolved "http://npm.intranet.1stdibs.com:4783/methods/-/methods-1.0.1.tgz#75bc91943dffd7da037cf3eeb0ed73a0037cd14b"

mime-db@~1.24.0:
  version "1.24.0"
  resolved "http://npm.intranet.1stdibs.com:4783/mime-db/-/mime-db-1.24.0.tgz#e2d13f939f0016c6e4e9ad25a8652f126c467f0c"

mime-types@~2.1.11:
  version "2.1.12"
  resolved "http://npm.intranet.1stdibs.com:4783/mime-types/-/mime-types-2.1.12.tgz#152ba256777020dd4663f54c2e7bc26381e71729"
  dependencies:
    mime-db "~1.24.0"

mime@~1.2.11, mime@1.2.11:
  version "1.2.11"
  resolved "http://npm.intranet.1stdibs.com:4783/mime/-/mime-1.2.11.tgz#58203eed86e3a5ef17aed2b7d9ebd47f0a60dd10"

mime@1.3.4:
  version "1.3.4"
  resolved "http://npm.intranet.1stdibs.com:4783/mime/-/mime-1.3.4.tgz#115f9e3b6b3daf2959983cb38f149a2d40eb5d53"

minimatch@0.3:
  version "0.3.0"
  resolved "http://npm.intranet.1stdibs.com:4783/minimatch/-/minimatch-0.3.0.tgz#275d8edaac4f1bb3326472089e7949c8394699dd"
  dependencies:
    lru-cache "2"
    sigmund "~1.0.0"

minimist@0.0.8:
  version "0.0.8"
  resolved "http://npm.intranet.1stdibs.com:4783/minimist/-/minimist-0.0.8.tgz#857fcabfc3397d2625b8228262e86aa7a011b05d"

mkdirp@0.3.0:
  version "0.3.0"
  resolved "http://npm.intranet.1stdibs.com:4783/mkdirp/-/mkdirp-0.3.0.tgz#1bbf5ab1ba827af23575143490426455f481fe1e"

mkdirp@0.5.1:
  version "0.5.1"
  resolved "http://npm.intranet.1stdibs.com:4783/mkdirp/-/mkdirp-0.5.1.tgz#30057438eac6cf7f8c4767f38648d6697d75c903"
  dependencies:
    minimist "0.0.8"

mocha@^2.2.4:
  version "2.5.3"
  resolved "http://npm.intranet.1stdibs.com:4783/mocha/-/mocha-2.5.3.tgz#161be5bdeb496771eb9b35745050b622b5aefc58"
  dependencies:
    commander "2.3.0"
    debug "2.2.0"
    diff "1.4.0"
    escape-string-regexp "1.0.2"
    glob "3.2.11"
    growl "1.9.2"
    jade "0.26.3"
    mkdirp "0.5.1"
    supports-color "1.2.0"
    to-iso-string "0.0.2"

ms@0.7.1:
  version "0.7.1"
  resolved "http://npm.intranet.1stdibs.com:4783/ms/-/ms-0.7.1.tgz#9cd13c03adbff25b65effde7ce864ee952017098"

ms@0.7.2:
  version "0.7.2"
  resolved "http://npm.intranet.1stdibs.com:4783/ms/-/ms-0.7.2.tgz#ae25cf2512b3885a1d95d7f037868d8431124765"

negotiator@0.6.1:
  version "0.6.1"
  resolved "http://npm.intranet.1stdibs.com:4783/negotiator/-/negotiator-0.6.1.tgz#2b327184e8992101177b28563fb5e7102acd0ca9"

on-finished@~2.3.0:
  version "2.3.0"
  resolved "http://npm.intranet.1stdibs.com:4783/on-finished/-/on-finished-2.3.0.tgz#20f1336481b083cd75337992a16971aa2d906947"
  dependencies:
    ee-first "1.1.1"

parseurl@~1.3.1:
  version "1.3.1"
  resolved "http://npm.intranet.1stdibs.com:4783/parseurl/-/parseurl-1.3.1.tgz#c8ab8c9223ba34888aa64a297b28853bec18da56"

path-to-regexp@0.1.7:
  version "0.1.7"
  resolved "http://npm.intranet.1stdibs.com:4783/path-to-regexp/-/path-to-regexp-0.1.7.tgz#df604178005f522f15eb4490e7247a1bfaa67f8c"

proxy-addr@~1.1.2:
  version "1.1.2"
  resolved "http://npm.intranet.1stdibs.com:4783/proxy-addr/-/proxy-addr-1.1.2.tgz#b4cc5f22610d9535824c123aef9d3cf73c40ba37"
  dependencies:
    forwarded "~0.1.0"
    ipaddr.js "1.1.1"

qs@1.2.0:
  version "1.2.0"
  resolved "http://npm.intranet.1stdibs.com:4783/qs/-/qs-1.2.0.tgz#ed079be28682147e6fd9a34cc2b0c1e0ec6453ee"

qs@6.2.0:
  version "6.2.0"
  resolved "http://npm.intranet.1stdibs.com:4783/qs/-/qs-6.2.0.tgz#3b7848c03c2dece69a9522b0fae8c4126d745f3b"

range-parser@~1.2.0:
  version "1.2.0"
  resolved "http://npm.intranet.1stdibs.com:4783/range-parser/-/range-parser-1.2.0.tgz#f49be6b487894ddc40dcc94a322f611092e00d5e"

readable-stream@1.0.27-1:
  version "1.0.27-1"
  resolved "http://npm.intranet.1stdibs.com:4783/readable-stream/-/readable-stream-1.0.27-1.tgz#6b67983c20357cefd07f0165001a16d710d91078"
  dependencies:
    core-util-is "~1.0.0"
    inherits "~2.0.1"
    isarray "0.0.1"
    string_decoder "~0.10.x"

reduce-component@1.0.1:
  version "1.0.1"
  resolved "http://npm.intranet.1stdibs.com:4783/reduce-component/-/reduce-component-1.0.1.tgz#e0c93542c574521bea13df0f9488ed82ab77c5da"

send@0.14.1:
  version "0.14.1"
  resolved "http://npm.intranet.1stdibs.com:4783/send/-/send-0.14.1.tgz#a954984325392f51532a7760760e459598c89f7a"
  dependencies:
    debug "~2.2.0"
    depd "~1.1.0"
    destroy "~1.0.4"
    encodeurl "~1.0.1"
    escape-html "~1.0.3"
    etag "~1.7.0"
    fresh "0.3.0"
    http-errors "~1.5.0"
    mime "1.3.4"
    ms "0.7.1"
    on-finished "~2.3.0"
    range-parser "~1.2.0"
    statuses "~1.3.0"

serve-static@~1.11.1:
  version "1.11.1"
  resolved "http://npm.intranet.1stdibs.com:4783/serve-static/-/serve-static-1.11.1.tgz#d6cce7693505f733c759de57befc1af76c0f0805"
  dependencies:
    encodeurl "~1.0.1"
    escape-html "~1.0.3"
    parseurl "~1.3.1"
    send "0.14.1"

setprototypeof@1.0.1:
  version "1.0.1"
  resolved "http://npm.intranet.1stdibs.com:4783/setprototypeof/-/setprototypeof-1.0.1.tgz#52009b27888c4dc48f591949c0a8275834c1ca7e"

sigmund@~1.0.0:
  version "1.0.1"
  resolved "http://npm.intranet.1stdibs.com:4783/sigmund/-/sigmund-1.0.1.tgz#3ff21f198cad2175f9f3b781853fd94d0d19b590"

"statuses@>= 1.3.0 < 2", statuses@~1.3.0:
  version "1.3.1"
  resolved "http://npm.intranet.1stdibs.com:4783/statuses/-/statuses-1.3.1.tgz#faf51b9eb74aaef3b3acf4ad5f61abf24cb7b93e"

string_decoder@~0.10.x:
  version "0.10.31"
  resolved "http://npm.intranet.1stdibs.com:4783/string_decoder/-/string_decoder-0.10.31.tgz#62e203bc41766c6c28c9fc84301dab1c5310fa94"

superagent@~0.21.0:
  version "0.21.0"
  resolved "http://npm.intranet.1stdibs.com:4783/superagent/-/superagent-0.21.0.tgz#fb15027984751ee7152200e6cd21cd6e19a5de87"
  dependencies:
    component-emitter "1.1.2"
    cookiejar "2.0.1"
    debug "2"
    extend "~1.2.1"
    form-data "0.1.3"
    formidable "1.0.14"
    methods "1.0.1"
    mime "1.2.11"
    qs "1.2.0"
    readable-stream "1.0.27-1"
    reduce-component "1.0.1"

supertest@^0.15.0:
  version "0.15.0"
  resolved "http://npm.intranet.1stdibs.com:4783/supertest/-/supertest-0.15.0.tgz#86118695de4be58869b3ee94c45e1d084ca7fac5"
  dependencies:
    methods "1.x"
    superagent "~0.21.0"

supports-color@1.2.0:
  version "1.2.0"
  resolved "http://npm.intranet.1stdibs.com:4783/supports-color/-/supports-color-1.2.0.tgz#ff1ed1e61169d06b3cf2d588e188b18d8847e17e"

to-iso-string@0.0.2:
  version "0.0.2"
  resolved "http://npm.intranet.1stdibs.com:4783/to-iso-string/-/to-iso-string-0.0.2.tgz#4dc19e664dfccbe25bd8db508b00c6da158255d1"

type-is@~1.6.13:
  version "1.6.13"
  resolved "http://npm.intranet.1stdibs.com:4783/type-is/-/type-is-1.6.13.tgz#6e83ba7bc30cd33a7bb0b7fb00737a2085bf9d08"
  dependencies:
    media-typer "0.3.0"
    mime-types "~2.1.11"

unpipe@~1.0.0:
  version "1.0.0"
  resolved "http://npm.intranet.1stdibs.com:4783/unpipe/-/unpipe-1.0.0.tgz#b2bf4ee8514aae6165b4817829d21b2ef49904ec"

utils-merge@1.0.0:
  version "1.0.0"
  resolved "http://npm.intranet.1stdibs.com:4783/utils-merge/-/utils-merge-1.0.0.tgz#0294fb922bb9375153541c4f7096231f287c8af8"

vary@~1.1.0:
  version "1.1.0"
  resolved "http://npm.intranet.1stdibs.com:4783/vary/-/vary-1.1.0.tgz#e1e5affbbd16ae768dd2674394b9ad3022653140"

